
Microsoft Visual Studio Solution File, Format Version 12.00
# Visual Studio 14
VisualStudioVersion = 14.0.25420.1
MinimumVisualStudioVersion = 10.0.40219.1
Project("{FAE04EC0-301F-11D3-BF4B-00C04F79EFBC}") = "TurTul", "TurTul\TurTul.csproj", "{36139178-4CE9-456D-B352-DA64D133E00B}"
EndProject
Project("{FAE04EC0-301F-11D3-BF4B-00C04F79EFBC}") = "Core", "Core\Core.csproj", "{217A5975-D038-4A2D-9851-9AA490A8B76A}"
EndProject
Global
	GlobalSection(SolutionConfigurationPlatforms) = preSolution
		Debug|Any CPU = Debug|Any CPU
		Release|Any CPU = Release|Any CPU
	EndGlobalSection
	GlobalSection(ProjectConfigurationPlatforms) = postSolution
		{36139178-4CE9-456D-B352-DA64D133E00B}.Debug|Any CPU.ActiveCfg = Debug|Any CPU
		{36139178-4CE9-456D-B352-DA64D133E00B}.Debug|Any CPU.Build.0 = Debug|Any CPU
		{36139178-4CE9-456D-B352-DA64D133E00B}.Release|Any CPU.ActiveCfg = Release|Any CPU
		{36139178-4CE9-456D-B352-DA64D133E00B}.Release|Any CPU.Build.0 = Release|Any CPU
		{217A5975-D038-4A2D-9851-9AA490A8B76A}.Debug|Any CPU.ActiveCfg = Debug|Any CPU
		{217A5975-D038-4A2D-9851-9AA490A8B76A}.Debug|Any CPU.Build.0 = Debug|Any CPU
		{217A5975-D038-4A2D-9851-9AA490A8B76A}.Release|Any CPU.ActiveCfg = Release|Any CPU
		{217A5975-D038-4A2D-9851-9AA490A8B76A}.Release|Any CPU.Build.0 = Release|Any CPU
	EndGlobalSection
	GlobalSection(SolutionProperties) = preSolution
		HideSolutionNode = FALSE
	EndGlobalSection
EndGlobal
